
Microsoft Visual Studio Solution File, Format Version 12.00
# Visual Studio Version 17
VisualStudioVersion = 17.4.33103.184
MinimumVisualStudioVersion = 10.0.40219.1
Project("{FAE04EC0-301F-11D3-BF4B-00C04F79EFBC}") = "okta_blazor_web_assembly_example", "okta_blazor_web_assembly_example\okta_blazor_web_assembly_example.csproj", "{C1640878-F1C1-4850-9E9B-213346E576D9}"
EndProject
Global
	GlobalSection(SolutionConfigurationPlatforms) = preSolution
		Debug|Any CPU = Debug|Any CPU
		Release|Any CPU = Release|Any CPU
	EndGlobalSection
	GlobalSection(ProjectConfigurationPlatforms) = postSolution
		{C1640878-F1C1-4850-9E9B-213346E576D9}.Debug|Any CPU.ActiveCfg = Debug|Any CPU
		{C1640878-F1C1-4850-9E9B-213346E576D9}.Debug|Any CPU.Build.0 = Debug|Any CPU
		{C1640878-F1C1-4850-9E9B-213346E576D9}.Release|Any CPU.ActiveCfg = Release|Any CPU
		{C1640878-F1C1-4850-9E9B-213346E576D9}.Release|Any CPU.Build.0 = Release|Any CPU
	EndGlobalSection
	GlobalSection(SolutionProperties) = preSolution
		HideSolutionNode = FALSE
	EndGlobalSection
	GlobalSection(ExtensibilityGlobals) = postSolution
		SolutionGuid = {2AE6956D-898C-41B8-BB3B-A1F908D33F2E}
	EndGlobalSection
EndGlobal
