
Microsoft Visual Studio Solution File, Format Version 12.00
# Visual Studio Version 16
VisualStudioVersion = 16.0.30413.136
MinimumVisualStudioVersion = 10.0.40219.1
Project("{FAE04EC0-301F-11D3-BF4B-00C04F79EFBC}") = "okta-blazor-web-assembly-example.Server", "okta-blazor-web-assembly-example\Server\okta-blazor-web-assembly-example.Server.csproj", "{7C00D74E-4DE8-4CEC-8719-BAA18280B991}"
EndProject
Project("{FAE04EC0-301F-11D3-BF4B-00C04F79EFBC}") = "okta-blazor-web-assembly-example.Client", "okta-blazor-web-assembly-example\Client\okta-blazor-web-assembly-example.Client.csproj", "{273829DC-0AE6-4D36-ABAB-2C6595FC5642}"
EndProject
Project("{FAE04EC0-301F-11D3-BF4B-00C04F79EFBC}") = "okta-blazor-web-assembly-example.Shared", "okta-blazor-web-assembly-example\Shared\okta-blazor-web-assembly-example.Shared.csproj", "{F08FFB37-A75D-48D9-96B1-4D251A996B4B}"
EndProject
Global
	GlobalSection(SolutionConfigurationPlatforms) = preSolution
		Debug|Any CPU = Debug|Any CPU
		Release|Any CPU = Release|Any CPU
	EndGlobalSection
	GlobalSection(ProjectConfigurationPlatforms) = postSolution
		{7C00D74E-4DE8-4CEC-8719-BAA18280B991}.Debug|Any CPU.ActiveCfg = Debug|Any CPU
		{7C00D74E-4DE8-4CEC-8719-BAA18280B991}.Debug|Any CPU.Build.0 = Debug|Any CPU
		{7C00D74E-4DE8-4CEC-8719-BAA18280B991}.Release|Any CPU.ActiveCfg = Release|Any CPU
		{7C00D74E-4DE8-4CEC-8719-BAA18280B991}.Release|Any CPU.Build.0 = Release|Any CPU
		{273829DC-0AE6-4D36-ABAB-2C6595FC5642}.Debug|Any CPU.ActiveCfg = Debug|Any CPU
		{273829DC-0AE6-4D36-ABAB-2C6595FC5642}.Debug|Any CPU.Build.0 = Debug|Any CPU
		{273829DC-0AE6-4D36-ABAB-2C6595FC5642}.Release|Any CPU.ActiveCfg = Release|Any CPU
		{273829DC-0AE6-4D36-ABAB-2C6595FC5642}.Release|Any CPU.Build.0 = Release|Any CPU
		{F08FFB37-A75D-48D9-96B1-4D251A996B4B}.Debug|Any CPU.ActiveCfg = Debug|Any CPU
		{F08FFB37-A75D-48D9-96B1-4D251A996B4B}.Debug|Any CPU.Build.0 = Debug|Any CPU
		{F08FFB37-A75D-48D9-96B1-4D251A996B4B}.Release|Any CPU.ActiveCfg = Release|Any CPU
		{F08FFB37-A75D-48D9-96B1-4D251A996B4B}.Release|Any CPU.Build.0 = Release|Any CPU
	EndGlobalSection
	GlobalSection(SolutionProperties) = preSolution
		HideSolutionNode = FALSE
	EndGlobalSection
	GlobalSection(ExtensibilityGlobals) = postSolution
		SolutionGuid = {7192E8F0-70E6-407D-873D-C8D580DA14F8}
	EndGlobalSection
EndGlobal
