
Microsoft Visual Studio Solution File, Format Version 12.00
# Visual Studio Version 17
VisualStudioVersion = 17.10.34707.107
MinimumVisualStudioVersion = 10.0.40219.1
Project("{FAE04EC0-301F-11D3-BF4B-00C04F79EFBC}") = "okta-blazor-server-side-example", "okta-blazor-server-side-example\okta-blazor-server-side-example.csproj", "{82B2D8D5-403C-42C3-AEAD-4AAD216D884F}"
EndProject
Global
	GlobalSection(SolutionConfigurationPlatforms) = preSolution
		Debug|Any CPU = Debug|Any CPU
		Release|Any CPU = Release|Any CPU
	EndGlobalSection
	GlobalSection(ProjectConfigurationPlatforms) = postSolution
		{82B2D8D5-403C-42C3-AEAD-4AAD216D884F}.Debug|Any CPU.ActiveCfg = Debug|Any CPU
		{82B2D8D5-403C-42C3-AEAD-4AAD216D884F}.Debug|Any CPU.Build.0 = Debug|Any CPU
		{82B2D8D5-403C-42C3-AEAD-4AAD216D884F}.Release|Any CPU.ActiveCfg = Release|Any CPU
		{82B2D8D5-403C-42C3-AEAD-4AAD216D884F}.Release|Any CPU.Build.0 = Release|Any CPU
	EndGlobalSection
	GlobalSection(SolutionProperties) = preSolution
		HideSolutionNode = FALSE
	EndGlobalSection
	GlobalSection(ExtensibilityGlobals) = postSolution
		SolutionGuid = {F73BDD76-BFA5-40FB-9F68-0B669CF8F66D}
	EndGlobalSection
EndGlobal
